
Microsoft Visual Studio Solution File, Format Version 12.00
# Visual Studio Version 17
VisualStudioVersion = 17.0.31912.275
MinimumVisualStudioVersion = 10.0.40219.1
Project("{FAE04EC0-301F-11D3-BF4B-00C04F79EFBC}") = "Hosts.Web", "Hosts.Web\Hosts.Web.csproj", "{FDE5F523-E7D4-4CC4-A8BF-F9304423F7BB}"
EndProject
Global
	GlobalSection(SolutionConfigurationPlatforms) = preSolution
		Debug|Any CPU = Debug|Any CPU
		Release|Any CPU = Release|Any CPU
	EndGlobalSection
	GlobalSection(ProjectConfigurationPlatforms) = postSolution
		{FDE5F523-E7D4-4CC4-A8BF-F9304423F7BB}.Debug|Any CPU.ActiveCfg = Debug|Any CPU
		{FDE5F523-E7D4-4CC4-A8BF-F9304423F7BB}.Debug|Any CPU.Build.0 = Debug|Any CPU
		{FDE5F523-E7D4-4CC4-A8BF-F9304423F7BB}.Release|Any CPU.ActiveCfg = Release|Any CPU
		{FDE5F523-E7D4-4CC4-A8BF-F9304423F7BB}.Release|Any CPU.Build.0 = Release|Any CPU
	EndGlobalSection
	GlobalSection(SolutionProperties) = preSolution
		HideSolutionNode = FALSE
	EndGlobalSection
	GlobalSection(ExtensibilityGlobals) = postSolution
		SolutionGuid = {D6F21F6D-0F34-4264-9C04-69D3CED7228B}
	EndGlobalSection
EndGlobal
